// !$*UTF8*$!
{
	archiveVersion = 1;
	classes = {
	};
	objectVersion = 56;
	objects = {

/* Begin PBXBuildFile section */
		AA200001 /* FocusMatrixApp.swift in Sources */ = {isa = PBXBuildFile; fileRef = AA100001 /* FocusMatrixApp.swift */; };
		AA200002 /* ContentView.swift in Sources */ = {isa = PBXBuildFile; fileRef = AA100002 /* ContentView.swift */; };
		AA200003 /* TaskItem.swift in Sources */ = {isa = PBXBuildFile; fileRef = AA100003 /* TaskItem.swift */; };
		AA20000B /* TaskStore.swift in Sources */ = {isa = PBXBuildFile; fileRef = AA10000C /* TaskStore.swift */; };
		AA200004 /* MatrixView.swift in Sources */ = {isa = PBXBuildFile; fileRef = AA100004 /* MatrixView.swift */; };
		AA200005 /* QuadrantView.swift in Sources */ = {isa = PBXBuildFile; fileRef = AA100005 /* QuadrantView.swift */; };
		AA200006 /* TaskCardView.swift in Sources */ = {isa = PBXBuildFile; fileRef = AA100006 /* TaskCardView.swift */; };
		AA200008 /* CompletedView.swift in Sources */ = {isa = PBXBuildFile; fileRef = AA100008 /* CompletedView.swift */; };
		AA200009 /* MenuBarContentView.swift in Sources */ = {isa = PBXBuildFile; fileRef = AA100009 /* MenuBarContentView.swift */; };
		AA20000A /* Assets.xcassets in Resources */ = {isa = PBXBuildFile; fileRef = AA10000A /* Assets.xcassets */; };
		AA20000C /* QuadrantStyle.swift in Sources */ = {isa = PBXBuildFile; fileRef = AA10000D /* QuadrantStyle.swift */; };
		AA20000D /* TaskRepository.swift in Sources */ = {isa = PBXBuildFile; fileRef = AA10000E /* TaskRepository.swift */; };
		AA20000E /* AddTaskView.swift in Sources */ = {isa = PBXBuildFile; fileRef = AA10000F /* AddTaskView.swift */; };
		AA20000F /* ClassifySection.swift in Sources */ = {isa = PBXBuildFile; fileRef = AA100010 /* ClassifySection.swift */; };
		AA200010 /* DueDateSection.swift in Sources */ = {isa = PBXBuildFile; fileRef = AA100011 /* DueDateSection.swift */; };
		AA200011 /* QuadrantToggle.swift in Sources */ = {isa = PBXBuildFile; fileRef = AA100012 /* QuadrantToggle.swift */; };
/* End PBXBuildFile section */

/* Begin PBXFileReference section */
		AA100001 /* FocusMatrixApp.swift */ = {isa = PBXFileReference; lastKnownFileType = sourcecode.swift; path = FocusMatrixApp.swift; sourceTree = "<group>"; };
		AA100002 /* ContentView.swift */ = {isa = PBXFileReference; lastKnownFileType = sourcecode.swift; path = ContentView.swift; sourceTree = "<group>"; };
		AA100003 /* TaskItem.swift */ = {isa = PBXFileReference; lastKnownFileType = sourcecode.swift; path = TaskItem.swift; sourceTree = "<group>"; };
		AA10000C /* TaskStore.swift */ = {isa = PBXFileReference; lastKnownFileType = sourcecode.swift; path = TaskStore.swift; sourceTree = "<group>"; };
		AA100004 /* MatrixView.swift */ = {isa = PBXFileReference; lastKnownFileType = sourcecode.swift; path = MatrixView.swift; sourceTree = "<group>"; };
		AA100005 /* QuadrantView.swift */ = {isa = PBXFileReference; lastKnownFileType = sourcecode.swift; path = QuadrantView.swift; sourceTree = "<group>"; };
		AA100006 /* TaskCardView.swift */ = {isa = PBXFileReference; lastKnownFileType = sourcecode.swift; path = TaskCardView.swift; sourceTree = "<group>"; };
		AA100008 /* CompletedView.swift */ = {isa = PBXFileReference; lastKnownFileType = sourcecode.swift; path = CompletedView.swift; sourceTree = "<group>"; };
		AA100009 /* MenuBarContentView.swift */ = {isa = PBXFileReference; lastKnownFileType = sourcecode.swift; path = MenuBarContentView.swift; sourceTree = "<group>"; };
		AA10000A /* Assets.xcassets */ = {isa = PBXFileReference; lastKnownFileType = folder.assetcatalog; path = Assets.xcassets; sourceTree = "<group>"; };
		AA10000B /* FocusMatrix.entitlements */ = {isa = PBXFileReference; lastKnownFileType = text.plist.entitlements; path = FocusMatrix.entitlements; sourceTree = "<group>"; };
		AA500001 /* FocusMatrix.app */ = {isa = PBXFileReference; explicitFileType = wrapper.application; includeInIndex = 0; path = FocusMatrix.app; sourceTree = BUILT_PRODUCTS_DIR; };
		AA10000D /* QuadrantStyle.swift */ = {isa = PBXFileReference; lastKnownFileType = sourcecode.swift; path = QuadrantStyle.swift; sourceTree = "<group>"; };
		AA10000E /* TaskRepository.swift */ = {isa = PBXFileReference; lastKnownFileType = sourcecode.swift; path = TaskRepository.swift; sourceTree = "<group>"; };
		AA10000F /* AddTaskView.swift */ = {isa = PBXFileReference; lastKnownFileType = sourcecode.swift; path = AddTaskView.swift; sourceTree = "<group>"; };
		AA100010 /* ClassifySection.swift */ = {isa = PBXFileReference; lastKnownFileType = sourcecode.swift; path = ClassifySection.swift; sourceTree = "<group>"; };
		AA100011 /* DueDateSection.swift */ = {isa = PBXFileReference; lastKnownFileType = sourcecode.swift; path = DueDateSection.swift; sourceTree = "<group>"; };
		AA100012 /* QuadrantToggle.swift */ = {isa = PBXFileReference; lastKnownFileType = sourcecode.swift; path = QuadrantToggle.swift; sourceTree = "<group>"; };
/* End PBXFileReference section */

/* Begin PBXFrameworksBuildPhase section */
		AA400003 /* Frameworks */ = {
			isa = PBXFrameworksBuildPhase;
			buildActionMask = 2147483647;
			files = (
			);
			runOnlyForDeploymentPostprocessing = 0;
		};
/* End PBXFrameworksBuildPhase section */

/* Begin PBXGroup section */
		AA300001 /* MainGroup */ = {
			isa = PBXGroup;
			children = (
				AA300002 /* FocusMatrix */,
				AA300006 /* Products */,
			);
			sourceTree = "<group>";
		};
		AA300002 /* FocusMatrix */ = {
			isa = PBXGroup;
			children = (
				AA100001 /* FocusMatrixApp.swift */,
				AA100002 /* ContentView.swift */,
				AA300003 /* Models */,
				AA300007 /* Services */,
				AA300004 /* Views */,
				AA300005 /* MenuBar */,
				AA10000A /* Assets.xcassets */,
				AA10000B /* FocusMatrix.entitlements */,
			);
			path = FocusMatrix;
			sourceTree = "<group>";
		};
		AA300003 /* Models */ = {
			isa = PBXGroup;
			children = (
				AA100003 /* TaskItem.swift */,
				AA10000C /* TaskStore.swift */,
			);
			path = Models;
			sourceTree = "<group>";
		};
		AA300007 /* Services */ = {
			isa = PBXGroup;
			children = (
				AA10000E /* TaskRepository.swift */,
			);
			path = Services;
			sourceTree = "<group>";
		};
		AA300004 /* Views */ = {
			isa = PBXGroup;
			children = (
				AA100004 /* MatrixView.swift */,
				AA100005 /* QuadrantView.swift */,
				AA100006 /* TaskCardView.swift */,
				AA10000D /* QuadrantStyle.swift */,
				AA100008 /* CompletedView.swift */,
				AA300008 /* AddTask */,
			);
			path = Views;
			sourceTree = "<group>";
		};
		AA300008 /* AddTask */ = {
			isa = PBXGroup;
			children = (
				AA10000F /* AddTaskView.swift */,
				AA100010 /* ClassifySection.swift */,
				AA100011 /* DueDateSection.swift */,
				AA100012 /* QuadrantToggle.swift */,
			);
			path = AddTask;
			sourceTree = "<group>";
		};
		AA300005 /* MenuBar */ = {
			isa = PBXGroup;
			children = (
				AA100009 /* MenuBarContentView.swift */,
			);
			path = MenuBar;
			sourceTree = "<group>";
		};
		AA300006 /* Products */ = {
			isa = PBXGroup;
			children = (
				AA500001 /* FocusMatrix.app */,
			);
			name = Products;
			sourceTree = "<group>";
		};
/* End PBXGroup section */

/* Begin PBXNativeTarget section */
		AA000002 /* FocusMatrix */ = {
			isa = PBXNativeTarget;
			buildConfigurationList = AA700001 /* Build configuration list for PBXNativeTarget "FocusMatrix" */;
			buildPhases = (
				AA400003 /* Frameworks */,
				AA400001 /* Sources */,
				AA400002 /* Resources */,
			);
			buildRules = (
			);
			dependencies = (
			);
			name = FocusMatrix;
			productName = FocusMatrix;
			productReference = AA500001 /* FocusMatrix.app */;
			productType = "com.apple.product-type.application";
		};
/* End PBXNativeTarget section */

/* Begin PBXProject section */
		AA000001 /* Project object */ = {
			isa = PBXProject;
			attributes = {
				BuildIndependentTargetsInParallel = 1;
				LastSwiftUpdateCheck = 1600;
				LastUpgradeCheck = 1600;
				TargetAttributes = {
					AA000002 = {
						CreatedOnToolsVersion = 16.0;
					};
				};
			};
			buildConfigurationList = AA700002 /* Build configuration list for PBXProject "FocusMatrix" */;
			compatibilityVersion = "Xcode 14.0";
			developmentRegion = en;
			hasScannedForEncodings = 0;
			knownRegions = (
				en,
				Base,
			);
			mainGroup = AA300001;
			productRefGroup = AA300006 /* Products */;
			projectDirPath = "";
			projectRoot = "";
			targets = (
				AA000002 /* FocusMatrix */,
			);
		};
/* End PBXProject section */

/* Begin PBXResourcesBuildPhase section */
		AA400002 /* Resources */ = {
			isa = PBXResourcesBuildPhase;
			buildActionMask = 2147483647;
			files = (
				AA20000A /* Assets.xcassets in Resources */,
			);
			runOnlyForDeploymentPostprocessing = 0;
		};
/* End PBXResourcesBuildPhase section */

/* Begin PBXSourcesBuildPhase section */
		AA400001 /* Sources */ = {
			isa = PBXSourcesBuildPhase;
			buildActionMask = 2147483647;
			files = (
				AA200001 /* FocusMatrixApp.swift in Sources */,
				AA200002 /* ContentView.swift in Sources */,
				AA200003 /* TaskItem.swift in Sources */,
				AA20000B /* TaskStore.swift in Sources */,
				AA20000D /* TaskRepository.swift in Sources */,
				AA200004 /* MatrixView.swift in Sources */,
				AA200005 /* QuadrantView.swift in Sources */,
				AA200006 /* TaskCardView.swift in Sources */,
				AA20000C /* QuadrantStyle.swift in Sources */,
				AA200008 /* CompletedView.swift in Sources */,
				AA200009 /* MenuBarContentView.swift in Sources */,
				AA20000E /* AddTaskView.swift in Sources */,
				AA20000F /* ClassifySection.swift in Sources */,
				AA200010 /* DueDateSection.swift in Sources */,
				AA200011 /* QuadrantToggle.swift in Sources */,
			);
			runOnlyForDeploymentPostprocessing = 0;
		};
/* End PBXSourcesBuildPhase section */

/* Begin XCBuildConfiguration section */
		AA600001 /* Debug */ = {
			isa = XCBuildConfiguration;
			buildSettings = {
				ASSETCATALOG_COMPILER_APPICON_NAME = AppIcon;
				ASSETCATALOG_COMPILER_GLOBAL_ACCENT_COLOR_NAME = AccentColor;
				CODE_SIGN_ENTITLEMENTS = FocusMatrix/FocusMatrix.entitlements;
				CODE_SIGN_STYLE = Automatic;
				COMBINE_HIDPI_IMAGES = YES;
				CURRENT_PROJECT_VERSION = 1;
				GENERATE_INFOPLIST_FILE = YES;
				INFOPLIST_KEY_CFBundleDisplayName = "Focus Matrix";
				INFOPLIST_KEY_LSApplicationCategoryType = "public.app-category.productivity";
				MARKETING_VERSION = 1.0;
				PRODUCT_BUNDLE_IDENTIFIER = com.wowaist.focusmatrix;
				PRODUCT_NAME = "$(TARGET_NAME)";
				SWIFT_EMIT_LOC_STRINGS = YES;
				SWIFT_VERSION = 5.0;
				MACOSX_DEPLOYMENT_TARGET = 13.0;
			};
			name = Debug;
		};
		AA600002 /* Release */ = {
			isa = XCBuildConfiguration;
			buildSettings = {
				ASSETCATALOG_COMPILER_APPICON_NAME = AppIcon;
				ASSETCATALOG_COMPILER_GLOBAL_ACCENT_COLOR_NAME = AccentColor;
				CODE_SIGN_ENTITLEMENTS = FocusMatrix/FocusMatrix.entitlements;
				CODE_SIGN_STYLE = Automatic;
				COMBINE_HIDPI_IMAGES = YES;
				CURRENT_PROJECT_VERSION = 1;
				GENERATE_INFOPLIST_FILE = YES;
				INFOPLIST_KEY_CFBundleDisplayName = "Focus Matrix";
				INFOPLIST_KEY_LSApplicationCategoryType = "public.app-category.productivity";
				MARKETING_VERSION = 1.0;
				PRODUCT_BUNDLE_IDENTIFIER = com.wowaist.focusmatrix;
				PRODUCT_NAME = "$(TARGET_NAME)";
				SWIFT_EMIT_LOC_STRINGS = YES;
				SWIFT_VERSION = 5.0;
				MACOSX_DEPLOYMENT_TARGET = 13.0;
			};
			name = Release;
		};
		AA600003 /* Debug */ = {
			isa = XCBuildConfiguration;
			buildSettings = {
				ALWAYS_SEARCH_USER_PATHS = NO;
				CLANG_ANALYZER_NONNULL = YES;
				CLANG_CXX_LANGUAGE_STANDARD = "gnu++20";
				CLANG_ENABLE_MODULES = YES;
				CLANG_ENABLE_OBJC_ARC = YES;
				CLANG_ENABLE_OBJC_WEAK = YES;
				CLANG_WARN_BLOCK_CAPTURE_AUTORELEASING = YES;
				CLANG_WARN_BOOL_CONVERSION = YES;
				CLANG_WARN_COMMA = YES;
				CLANG_WARN_CONSTANT_CONVERSION = YES;
				CLANG_WARN_DEPRECATED_OBJC_IMPLEMENTATIONS = YES;
				CLANG_WARN_DIRECT_OBJC_IVAR_ACCESS = YES;
				CLANG_WARN_EMPTY_BODY = YES;
				CLANG_WARN_ENUM_CONVERSION = YES;
				CLANG_WARN_INFINITE_RECURSION = YES;
				CLANG_WARN_INT_CONVERSION = YES;
				CLANG_WARN_NON_LITERAL_NULL_CONVERSION = YES;
				CLANG_WARN_OBJC_IMPLICIT_RETAIN_SELF = YES;
				CLANG_WARN_OBJC_LITERAL_CONVERSION = YES;
				CLANG_WARN_OBJC_ROOT_CLASS = YES_ERROR;
				CLANG_WARN_RANGE_LOOP_ANALYSIS = YES;
				CLANG_WARN_STRICT_PROTOTYPES = YES;
				CLANG_WARN_SUSPICIOUS_MOVE = YES;
				CLANG_WARN_UNGUARDED_AVAILABILITY = YES_AGGRESSIVE;
				CLANG_WARN_UNREACHABLE_CODE = YES;
				CLANG_WARN__DUPLICATE_METHOD_MATCH = YES;
				COPY_PHASE_STRIP = NO;
				DEBUG_INFORMATION_FORMAT = dwarf;
				ENABLE_STRICT_OBJC_MSGSEND = YES;
				ENABLE_TESTABILITY = YES;
				ENABLE_USER_SCRIPT_SANDBOXING = YES;
				GCC_C_LANGUAGE_STANDARD = gnu17;
				GCC_DYNAMIC_NO_PIC = NO;
				GCC_NO_COMMON_BLOCKS = YES;
				GCC_OPTIMIZATION_LEVEL = 0;
				GCC_PREPROCESSOR_DEFINITIONS = (
					"DEBUG=1",
					"$(inherited)",
				);
				GCC_WARN_64_TO_32_BIT_CONVERSION = YES;
				GCC_WARN_ABOUT_RETURN_TYPE = YES_ERROR;
				GCC_WARN_UNDECLARED_SELECTOR = YES;
				GCC_WARN_UNINITIALIZED_AUTOS = YES_AGGRESSIVE;
				GCC_WARN_UNUSED_FUNCTION = YES;
				GCC_WARN_UNUSED_VARIABLE = YES;
				MACOSX_DEPLOYMENT_TARGET = 13.0;
				MTL_ENABLE_DEBUG_INFO = INCLUDE_SOURCE;
				MTL_FAST_MATH = YES;
				ONLY_ACTIVE_ARCH = YES;
				SDKROOT = macosx;
				SWIFT_ACTIVE_COMPILATION_CONDITIONS = DEBUG;
				SWIFT_OPTIMIZATION_LEVEL = "-Onone";
			};
			name = Debug;
		};
		AA600004 /* Release */ = {
			isa = XCBuildConfiguration;
			buildSettings = {
				ALWAYS_SEARCH_USER_PATHS = NO;
				CLANG_ANALYZER_NONNULL = YES;
				CLANG_CXX_LANGUAGE_STANDARD = "gnu++20";
				CLANG_ENABLE_MODULES = YES;
				CLANG_ENABLE_OBJC_ARC = YES;
				CLANG_ENABLE_OBJC_WEAK = YES;
				CLANG_WARN_BLOCK_CAPTURE_AUTORELEASING = YES;
				CLANG_WARN_BOOL_CONVERSION = YES;
				CLANG_WARN_COMMA = YES;
				CLANG_WARN_CONSTANT_CONVERSION = YES;
				CLANG_WARN_DEPRECATED_OBJC_IMPLEMENTATIONS = YES;
				CLANG_WARN_DIRECT_OBJC_IVAR_ACCESS = YES;
				CLANG_WARN_EMPTY_BODY = YES;
				CLANG_WARN_ENUM_CONVERSION = YES;
				CLANG_WARN_INFINITE_RECURSION = YES;
				CLANG_WARN_INT_CONVERSION = YES;
				CLANG_WARN_NON_LITERAL_NULL_CONVERSION = YES;
				CLANG_WARN_OBJC_IMPLICIT_RETAIN_SELF = YES;
				CLANG_WARN_OBJC_LITERAL_CONVERSION = YES;
				CLANG_WARN_OBJC_ROOT_CLASS = YES_ERROR;
				CLANG_WARN_RANGE_LOOP_ANALYSIS = YES;
				CLANG_WARN_STRICT_PROTOTYPES = YES;
				CLANG_WARN_SUSPICIOUS_MOVE = YES;
				CLANG_WARN_UNGUARDED_AVAILABILITY = YES_AGGRESSIVE;
				CLANG_WARN_UNREACHABLE_CODE = YES;
				CLANG_WARN__DUPLICATE_METHOD_MATCH = YES;
				COPY_PHASE_STRIP = NO;
				DEBUG_INFORMATION_FORMAT = "dwarf-with-dsym";
				ENABLE_NS_ASSERTIONS = NO;
				ENABLE_STRICT_OBJC_MSGSEND = YES;
				ENABLE_USER_SCRIPT_SANDBOXING = YES;
				GCC_C_LANGUAGE_STANDARD = gnu17;
				GCC_NO_COMMON_BLOCKS = YES;
				GCC_WARN_64_TO_32_BIT_CONVERSION = YES;
				GCC_WARN_ABOUT_RETURN_TYPE = YES_ERROR;
				GCC_WARN_UNDECLARED_SELECTOR = YES;
				GCC_WARN_UNINITIALIZED_AUTOS = YES_AGGRESSIVE;
				GCC_WARN_UNUSED_FUNCTION = YES;
				GCC_WARN_UNUSED_VARIABLE = YES;
				MACOSX_DEPLOYMENT_TARGET = 13.0;
				MTL_FAST_MATH = YES;
				SDKROOT = macosx;
				SWIFT_COMPILATION_MODE = wholemodule;
				SWIFT_OPTIMIZATION_LEVEL = "-O";
			};
			name = Release;
		};
/* End XCBuildConfiguration section */

/* Begin XCConfigurationList section */
		AA700001 /* Build configuration list for PBXNativeTarget "FocusMatrix" */ = {
			isa = XCConfigurationList;
			buildConfigurations = (
				AA600001 /* Debug */,
				AA600002 /* Release */,
			);
			defaultConfigurationIsVisible = 0;
			defaultConfigurationName = Release;
		};
		AA700002 /* Build configuration list for PBXProject "FocusMatrix" */ = {
			isa = XCConfigurationList;
			buildConfigurations = (
				AA600003 /* Debug */,
				AA600004 /* Release */,
			);
			defaultConfigurationIsVisible = 0;
			defaultConfigurationName = Release;
		};
/* End XCConfigurationList section */

	};
	rootObject = AA000001 /* Project object */;
}
